
Microsoft Visual Studio Solution File, Format Version 12.00
# Visual Studio Version 16
VisualStudioVersion = 16.0.30523.141
MinimumVisualStudioVersion = 15.0.26124.0
Project("{9A19103F-16F7-4668-BE54-9A1E7A4F7556}") = "MongoDB.Client.Bson", "src\MongoDB.Client.Bson\MongoDB.Client.Bson.csproj", "{85E0CD89-F8AF-4CE2-9C2B-EFDB693F2E6C}"
EndProject
Project("{9A19103F-16F7-4668-BE54-9A1E7A4F7556}") = "MongoDB.Client.Protocol", "src\MongoDB.Client.Protocol\MongoDB.Client.Protocol.csproj", "{0FFDC65C-13AB-4B0B-8606-4A472F7E574A}"
EndProject
Project("{9A19103F-16F7-4668-BE54-9A1E7A4F7556}") = "MongoDB.Client", "src\MongoDB.Client\MongoDB.Client.csproj", "{2AAF8C18-1493-40D7-8F4C-CD4C08E3AFD0}"
EndProject
Project("{9A19103F-16F7-4668-BE54-9A1E7A4F7556}") = "System.Net.Connections", "src\System.Net.Connections\src\System.Net.Connections.csproj", "{49FC04B9-FB1D-47F9-9E50-9BC3E33D6FE9}"
EndProject
Project("{9A19103F-16F7-4668-BE54-9A1E7A4F7556}") = "MongoDB.Client.Bson.Generators", "src\MongoDB.Client.Bson.Generators\MongoDB.Client.Bson.Generators.csproj", "{C0F47096-9017-42C7-9621-852782B0F123}"
EndProject
Project("{2150E333-8FDC-42A3-9474-1A3956D46DE8}") = "Tests", "Tests", "{51435157-D166-4612-B64D-320345EE1E0F}"
EndProject
Project("{2150E333-8FDC-42A3-9474-1A3956D46DE8}") = "src", "src", "{9DAD4926-ADB9-4D63-82B0-13C16AE7ECA3}"
EndProject
Project("{9A19103F-16F7-4668-BE54-9A1E7A4F7556}") = "MongoDB.Client.ConsoleApp", "tests\MongoDB.Client.ConsoleApp\MongoDB.Client.ConsoleApp.csproj", "{F033AD7E-A404-4F2E-A079-80C78EAE5C31}"
EndProject
Project("{FAE04EC0-301F-11D3-BF4B-00C04F79EFBC}") = "MongoDB.Client.Tests", "tests\MongoDB.Client.Tests\MongoDB.Client.Tests.csproj", "{DEA2FAA7-81B3-4396-9C59-FA9A85161499}"
EndProject
Global
	GlobalSection(SolutionConfigurationPlatforms) = preSolution
		Debug|Any CPU = Debug|Any CPU
		Debug|x64 = Debug|x64
		Debug|x86 = Debug|x86
		Release|Any CPU = Release|Any CPU
		Release|x64 = Release|x64
		Release|x86 = Release|x86
	EndGlobalSection
	GlobalSection(ProjectConfigurationPlatforms) = postSolution
		{85E0CD89-F8AF-4CE2-9C2B-EFDB693F2E6C}.Debug|Any CPU.ActiveCfg = Debug|Any CPU
		{85E0CD89-F8AF-4CE2-9C2B-EFDB693F2E6C}.Debug|Any CPU.Build.0 = Debug|Any CPU
		{85E0CD89-F8AF-4CE2-9C2B-EFDB693F2E6C}.Debug|x64.ActiveCfg = Debug|Any CPU
		{85E0CD89-F8AF-4CE2-9C2B-EFDB693F2E6C}.Debug|x64.Build.0 = Debug|Any CPU
		{85E0CD89-F8AF-4CE2-9C2B-EFDB693F2E6C}.Debug|x86.ActiveCfg = Debug|Any CPU
		{85E0CD89-F8AF-4CE2-9C2B-EFDB693F2E6C}.Debug|x86.Build.0 = Debug|Any CPU
		{85E0CD89-F8AF-4CE2-9C2B-EFDB693F2E6C}.Release|Any CPU.ActiveCfg = Release|Any CPU
		{85E0CD89-F8AF-4CE2-9C2B-EFDB693F2E6C}.Release|Any CPU.Build.0 = Release|Any CPU
		{85E0CD89-F8AF-4CE2-9C2B-EFDB693F2E6C}.Release|x64.ActiveCfg = Release|Any CPU
		{85E0CD89-F8AF-4CE2-9C2B-EFDB693F2E6C}.Release|x64.Build.0 = Release|Any CPU
		{85E0CD89-F8AF-4CE2-9C2B-EFDB693F2E6C}.Release|x86.ActiveCfg = Release|Any CPU
		{85E0CD89-F8AF-4CE2-9C2B-EFDB693F2E6C}.Release|x86.Build.0 = Release|Any CPU
		{0FFDC65C-13AB-4B0B-8606-4A472F7E574A}.Debug|Any CPU.ActiveCfg = Debug|Any CPU
		{0FFDC65C-13AB-4B0B-8606-4A472F7E574A}.Debug|Any CPU.Build.0 = Debug|Any CPU
		{0FFDC65C-13AB-4B0B-8606-4A472F7E574A}.Debug|x64.ActiveCfg = Debug|Any CPU
		{0FFDC65C-13AB-4B0B-8606-4A472F7E574A}.Debug|x64.Build.0 = Debug|Any CPU
		{0FFDC65C-13AB-4B0B-8606-4A472F7E574A}.Debug|x86.ActiveCfg = Debug|Any CPU
		{0FFDC65C-13AB-4B0B-8606-4A472F7E574A}.Debug|x86.Build.0 = Debug|Any CPU
		{0FFDC65C-13AB-4B0B-8606-4A472F7E574A}.Release|Any CPU.ActiveCfg = Release|Any CPU
		{0FFDC65C-13AB-4B0B-8606-4A472F7E574A}.Release|Any CPU.Build.0 = Release|Any CPU
		{0FFDC65C-13AB-4B0B-8606-4A472F7E574A}.Release|x64.ActiveCfg = Release|Any CPU
		{0FFDC65C-13AB-4B0B-8606-4A472F7E574A}.Release|x64.Build.0 = Release|Any CPU
		{0FFDC65C-13AB-4B0B-8606-4A472F7E574A}.Release|x86.ActiveCfg = Release|Any CPU
		{0FFDC65C-13AB-4B0B-8606-4A472F7E574A}.Release|x86.Build.0 = Release|Any CPU
		{2AAF8C18-1493-40D7-8F4C-CD4C08E3AFD0}.Debug|Any CPU.ActiveCfg = Debug|Any CPU
		{2AAF8C18-1493-40D7-8F4C-CD4C08E3AFD0}.Debug|Any CPU.Build.0 = Debug|Any CPU
		{2AAF8C18-1493-40D7-8F4C-CD4C08E3AFD0}.Debug|x64.ActiveCfg = Debug|Any CPU
		{2AAF8C18-1493-40D7-8F4C-CD4C08E3AFD0}.Debug|x64.Build.0 = Debug|Any CPU
		{2AAF8C18-1493-40D7-8F4C-CD4C08E3AFD0}.Debug|x86.ActiveCfg = Debug|Any CPU
		{2AAF8C18-1493-40D7-8F4C-CD4C08E3AFD0}.Debug|x86.Build.0 = Debug|Any CPU
		{2AAF8C18-1493-40D7-8F4C-CD4C08E3AFD0}.Release|Any CPU.ActiveCfg = Release|Any CPU
		{2AAF8C18-1493-40D7-8F4C-CD4C08E3AFD0}.Release|Any CPU.Build.0 = Release|Any CPU
		{2AAF8C18-1493-40D7-8F4C-CD4C08E3AFD0}.Release|x64.ActiveCfg = Release|Any CPU
		{2AAF8C18-1493-40D7-8F4C-CD4C08E3AFD0}.Release|x64.Build.0 = Release|Any CPU
		{2AAF8C18-1493-40D7-8F4C-CD4C08E3AFD0}.Release|x86.ActiveCfg = Release|Any CPU
		{2AAF8C18-1493-40D7-8F4C-CD4C08E3AFD0}.Release|x86.Build.0 = Release|Any CPU
		{49FC04B9-FB1D-47F9-9E50-9BC3E33D6FE9}.Debug|Any CPU.ActiveCfg = Debug|Any CPU
		{49FC04B9-FB1D-47F9-9E50-9BC3E33D6FE9}.Debug|Any CPU.Build.0 = Debug|Any CPU
		{49FC04B9-FB1D-47F9-9E50-9BC3E33D6FE9}.Debug|x64.ActiveCfg = Debug|Any CPU
		{49FC04B9-FB1D-47F9-9E50-9BC3E33D6FE9}.Debug|x64.Build.0 = Debug|Any CPU
		{49FC04B9-FB1D-47F9-9E50-9BC3E33D6FE9}.Debug|x86.ActiveCfg = Debug|Any CPU
		{49FC04B9-FB1D-47F9-9E50-9BC3E33D6FE9}.Debug|x86.Build.0 = Debug|Any CPU
		{49FC04B9-FB1D-47F9-9E50-9BC3E33D6FE9}.Release|Any CPU.ActiveCfg = Release|Any CPU
		{49FC04B9-FB1D-47F9-9E50-9BC3E33D6FE9}.Release|Any CPU.Build.0 = Release|Any CPU
		{49FC04B9-FB1D-47F9-9E50-9BC3E33D6FE9}.Release|x64.ActiveCfg = Release|Any CPU
		{49FC04B9-FB1D-47F9-9E50-9BC3E33D6FE9}.Release|x64.Build.0 = Release|Any CPU
		{49FC04B9-FB1D-47F9-9E50-9BC3E33D6FE9}.Release|x86.ActiveCfg = Release|Any CPU
		{49FC04B9-FB1D-47F9-9E50-9BC3E33D6FE9}.Release|x86.Build.0 = Release|Any CPU
		{C0F47096-9017-42C7-9621-852782B0F123}.Debug|Any CPU.ActiveCfg = Debug|Any CPU
		{C0F47096-9017-42C7-9621-852782B0F123}.Debug|Any CPU.Build.0 = Debug|Any CPU
		{C0F47096-9017-42C7-9621-852782B0F123}.Debug|x64.ActiveCfg = Debug|Any CPU
		{C0F47096-9017-42C7-9621-852782B0F123}.Debug|x64.Build.0 = Debug|Any CPU
		{C0F47096-9017-42C7-9621-852782B0F123}.Debug|x86.ActiveCfg = Debug|Any CPU
		{C0F47096-9017-42C7-9621-852782B0F123}.Debug|x86.Build.0 = Debug|Any CPU
		{C0F47096-9017-42C7-9621-852782B0F123}.Release|Any CPU.ActiveCfg = Release|Any CPU
		{C0F47096-9017-42C7-9621-852782B0F123}.Release|Any CPU.Build.0 = Release|Any CPU
		{C0F47096-9017-42C7-9621-852782B0F123}.Release|x64.ActiveCfg = Release|Any CPU
		{C0F47096-9017-42C7-9621-852782B0F123}.Release|x64.Build.0 = Release|Any CPU
		{C0F47096-9017-42C7-9621-852782B0F123}.Release|x86.ActiveCfg = Release|Any CPU
		{C0F47096-9017-42C7-9621-852782B0F123}.Release|x86.Build.0 = Release|Any CPU
		{F033AD7E-A404-4F2E-A079-80C78EAE5C31}.Debug|Any CPU.ActiveCfg = Debug|Any CPU
		{F033AD7E-A404-4F2E-A079-80C78EAE5C31}.Debug|Any CPU.Build.0 = Debug|Any CPU
		{F033AD7E-A404-4F2E-A079-80C78EAE5C31}.Debug|x64.ActiveCfg = Debug|Any CPU
		{F033AD7E-A404-4F2E-A079-80C78EAE5C31}.Debug|x64.Build.0 = Debug|Any CPU
		{F033AD7E-A404-4F2E-A079-80C78EAE5C31}.Debug|x86.ActiveCfg = Debug|Any CPU
		{F033AD7E-A404-4F2E-A079-80C78EAE5C31}.Debug|x86.Build.0 = Debug|Any CPU
		{F033AD7E-A404-4F2E-A079-80C78EAE5C31}.Release|Any CPU.ActiveCfg = Release|Any CPU
		{F033AD7E-A404-4F2E-A079-80C78EAE5C31}.Release|Any CPU.Build.0 = Release|Any CPU
		{F033AD7E-A404-4F2E-A079-80C78EAE5C31}.Release|x64.ActiveCfg = Release|Any CPU
		{F033AD7E-A404-4F2E-A079-80C78EAE5C31}.Release|x64.Build.0 = Release|Any CPU
		{F033AD7E-A404-4F2E-A079-80C78EAE5C31}.Release|x86.ActiveCfg = Release|Any CPU
		{F033AD7E-A404-4F2E-A079-80C78EAE5C31}.Release|x86.Build.0 = Release|Any CPU
		{DEA2FAA7-81B3-4396-9C59-FA9A85161499}.Debug|Any CPU.ActiveCfg = Debug|Any CPU
		{DEA2FAA7-81B3-4396-9C59-FA9A85161499}.Debug|Any CPU.Build.0 = Debug|Any CPU
		{DEA2FAA7-81B3-4396-9C59-FA9A85161499}.Debug|x64.ActiveCfg = Debug|Any CPU
		{DEA2FAA7-81B3-4396-9C59-FA9A85161499}.Debug|x64.Build.0 = Debug|Any CPU
		{DEA2FAA7-81B3-4396-9C59-FA9A85161499}.Debug|x86.ActiveCfg = Debug|Any CPU
		{DEA2FAA7-81B3-4396-9C59-FA9A85161499}.Debug|x86.Build.0 = Debug|Any CPU
		{DEA2FAA7-81B3-4396-9C59-FA9A85161499}.Release|Any CPU.ActiveCfg = Release|Any CPU
		{DEA2FAA7-81B3-4396-9C59-FA9A85161499}.Release|Any CPU.Build.0 = Release|Any CPU
		{DEA2FAA7-81B3-4396-9C59-FA9A85161499}.Release|x64.ActiveCfg = Release|Any CPU
		{DEA2FAA7-81B3-4396-9C59-FA9A85161499}.Release|x64.Build.0 = Release|Any CPU
		{DEA2FAA7-81B3-4396-9C59-FA9A85161499}.Release|x86.ActiveCfg = Release|Any CPU
		{DEA2FAA7-81B3-4396-9C59-FA9A85161499}.Release|x86.Build.0 = Release|Any CPU
	EndGlobalSection
	GlobalSection(SolutionProperties) = preSolution
		HideSolutionNode = FALSE
	EndGlobalSection
	GlobalSection(NestedProjects) = preSolution
		{85E0CD89-F8AF-4CE2-9C2B-EFDB693F2E6C} = {9DAD4926-ADB9-4D63-82B0-13C16AE7ECA3}
		{0FFDC65C-13AB-4B0B-8606-4A472F7E574A} = {9DAD4926-ADB9-4D63-82B0-13C16AE7ECA3}
		{2AAF8C18-1493-40D7-8F4C-CD4C08E3AFD0} = {9DAD4926-ADB9-4D63-82B0-13C16AE7ECA3}
		{49FC04B9-FB1D-47F9-9E50-9BC3E33D6FE9} = {9DAD4926-ADB9-4D63-82B0-13C16AE7ECA3}
		{C0F47096-9017-42C7-9621-852782B0F123} = {9DAD4926-ADB9-4D63-82B0-13C16AE7ECA3}
		{F033AD7E-A404-4F2E-A079-80C78EAE5C31} = {51435157-D166-4612-B64D-320345EE1E0F}
		{DEA2FAA7-81B3-4396-9C59-FA9A85161499} = {51435157-D166-4612-B64D-320345EE1E0F}
	EndGlobalSection
	GlobalSection(ExtensibilityGlobals) = postSolution
		SolutionGuid = {3DCA0BC6-AA12-4A4B-91D9-ECD003470CA9}
	EndGlobalSection
EndGlobal
